
Microsoft Visual Studio Solution File, Format Version 12.00
# Visual Studio 2013
VisualStudioVersion = 12.0.40629.0
MinimumVisualStudioVersion = 10.0.40219.1
Project("{888888A0-9F3D-457C-B088-3A5042F75D52}") = "Pump", "Pump.pyproj", "{01A437AF-68CA-453A-9827-F89B4D56DE0B}"
EndProject
Project("{888888A0-9F3D-457C-B088-3A5042F75D52}") = "Utils", "..\Utils\Utils.pyproj", "{A9E4B3BC-6305-4B26-B7F3-AB7E1903F590}"
EndProject
Project("{888888A0-9F3D-457C-B088-3A5042F75D52}") = "PumpTest", "..\PumpTest\PumpTest.pyproj", "{E6F52734-F3EB-46F6-B188-7E69AE9BC9DD}"
EndProject
Global
	GlobalSection(SolutionConfigurationPlatforms) = preSolution
		Debug|Any CPU = Debug|Any CPU
		Release|Any CPU = Release|Any CPU
	EndGlobalSection
	GlobalSection(ProjectConfigurationPlatforms) = postSolution
		{01A437AF-68CA-453A-9827-F89B4D56DE0B}.Debug|Any CPU.ActiveCfg = Debug|Any CPU
		{01A437AF-68CA-453A-9827-F89B4D56DE0B}.Release|Any CPU.ActiveCfg = Release|Any CPU
		{A9E4B3BC-6305-4B26-B7F3-AB7E1903F590}.Debug|Any CPU.ActiveCfg = Debug|Any CPU
		{A9E4B3BC-6305-4B26-B7F3-AB7E1903F590}.Release|Any CPU.ActiveCfg = Release|Any CPU
		{E6F52734-F3EB-46F6-B188-7E69AE9BC9DD}.Debug|Any CPU.ActiveCfg = Debug|Any CPU
		{E6F52734-F3EB-46F6-B188-7E69AE9BC9DD}.Release|Any CPU.ActiveCfg = Release|Any CPU
	EndGlobalSection
	GlobalSection(SolutionProperties) = preSolution
		HideSolutionNode = FALSE
	EndGlobalSection
EndGlobal
